PODS:
  - DKImagePickerController@Practo (3.5.8):
    - DKImagePickerController@Practo/Camera (= 3.5.8)
    - DKImagePickerController@Practo/ImageManager (= 3.5.8)
  - DKImagePickerController@Practo/Camera (3.5.8)
  - DKImagePickerController@Practo/ImageManager (3.5.8)

DEPENDENCIES:
  - DKImagePickerController@Practo (from `../DKImagePickerController`)

EXTERNAL SOURCES:
  DKImagePickerController@Practo:
    :path: ../DKImagePickerController

SPEC CHECKSUMS:
  DKImagePickerController@Practo: e71a2786a7435f88b73007a6549e49636ab71822

PODFILE CHECKSUM: f7e9b7d7e51cd54d73ed035d228c80f43aaa203f

COCOAPODS: 1.3.1
