PODS:
  - DKImagePickerController@Practo (3.4.1):
    - DKImagePickerController@Practo/Camera (= 3.4.1)
    - DKImagePickerController@Practo/ImageManager (= 3.4.1)
  - DKImagePickerController@Practo/Camera (3.4.1)
  - DKImagePickerController@Practo/ImageManager (3.4.1)

DEPENDENCIES:
  - DKImagePickerController@Practo (from `../DKImagePickerController`)

EXTERNAL SOURCES:
  DKImagePickerController@Practo:
    :path: ../DKImagePickerController

SPEC CHECKSUMS:
  DKImagePickerController@Practo: 48cbba07c73e73dd20df1f10b9c63c2788de5f15

PODFILE CHECKSUM: f7e9b7d7e51cd54d73ed035d228c80f43aaa203f

COCOAPODS: 1.0.1
