// !$*UTF8*$!
{
	archiveVersion = 1;
	classes = {
	};
	objectVersion = 46;
	objects = {

/* Begin PBXBuildFile section */
		43F162947F4B25880859FF1C /* Pods_DKImagePickerControllerDemo.framework in Frameworks */ = {isa = PBXBuildFile; fileRef = 10373719261221CAB89E6D48 /* Pods_DKImagePickerControllerDemo.framework */; };
		9CB4B2F81C9A9DB3004971FB /* CustomCamera.swift in Sources */ = {isa = PBXBuildFile; fileRef = 9CB4B2F71C9A9DB3004971FB /* CustomCamera.swift */; };
		9CBF3F7A1AB15D210000F1D1 /* AppDelegate.swift in Sources */ = {isa = PBXBuildFile; fileRef = 9CBF3F6B1AB15D210000F1D1 /* AppDelegate.swift */; };
		9CBF3F7E1AB15D210000F1D1 /* Images.xcassets in Resources */ = {isa = PBXBuildFile; fileRef = 9CBF3F721AB15D210000F1D1 /* Images.xcassets */; };
		9CBF3F811AB15D210000F1D1 /* ViewController.swift in Sources */ = {isa = PBXBuildFile; fileRef = 9CBF3F751AB15D210000F1D1 /* ViewController.swift */; };
		9CBF3F851AB15DFF0000F1D1 /* Main.storyboard in Resources */ = {isa = PBXBuildFile; fileRef = 9CBF3F6E1AB15D210000F1D1 /* Main.storyboard */; };
		9CBF3F861AB15E040000F1D1 /* LaunchScreen.xib in Resources */ = {isa = PBXBuildFile; fileRef = 9CBF3F6C1AB15D210000F1D1 /* LaunchScreen.xib */; };
		9CBF3F871AB15E0D0000F1D1 /* LaunchScreen.strings in Resources */ = {isa = PBXBuildFile; fileRef = 9CBF3F761AB15D210000F1D1 /* LaunchScreen.strings */; };
		9CBF3F881AB15E100000F1D1 /* Main.strings in Resources */ = {isa = PBXBuildFile; fileRef = 9CBF3F781AB15D210000F1D1 /* Main.strings */; };
		9CD130051C144ED800AB5E2B /* Photos.framework in Frameworks */ = {isa = PBXBuildFile; fileRef = 9CD130041C144ED800AB5E2B /* Photos.framework */; settings = {ATTRIBUTES = (Weak, ); }; };
/* End PBXBuildFile section */

/* Begin PBXCopyFilesBuildPhase section */
		B9EFB97F1D20FB7D006CDCAA /* Embed Frameworks */ = {
			isa = PBXCopyFilesBuildPhase;
			buildActionMask = 2147483647;
			dstPath = "";
			dstSubfolderSpec = 10;
			files = (
			);
			name = "Embed Frameworks";
			runOnlyForDeploymentPostprocessing = 0;
		};
/* End PBXCopyFilesBuildPhase section */

/* Begin PBXFileReference section */
		10373719261221CAB89E6D48 /* Pods_DKImagePickerControllerDemo.framework */ = {isa = PBXFileReference; explicitFileType = wrapper.framework; includeInIndex = 0; path = Pods_DKImagePickerControllerDemo.framework; sourceTree = BUILT_PRODUCTS_DIR; };
		417B17B0ED856C6C7639AE33 /* Pods-DKImagePickerControllerDemo.debug.xcconfig */ = {isa = PBXFileReference; includeInIndex = 1; lastKnownFileType = text.xcconfig; name = "Pods-DKImagePickerControllerDemo.debug.xcconfig"; path = "Pods/Target Support Files/Pods-DKImagePickerControllerDemo/Pods-DKImagePickerControllerDemo.debug.xcconfig"; sourceTree = "<group>"; };
		9C35CBFF19DBB00700557269 /* DKImagePickerControllerDemo.app */ = {isa = PBXFileReference; explicitFileType = wrapper.application; includeInIndex = 0; path = DKImagePickerControllerDemo.app; sourceTree = BUILT_PRODUCTS_DIR; };
		9CB4B2F71C9A9DB3004971FB /* CustomCamera.swift */ = {isa = PBXFileReference; fileEncoding = 4; lastKnownFileType = sourcecode.swift; path = CustomCamera.swift; sourceTree = "<group>"; };
		9CBF3F6B1AB15D210000F1D1 /* AppDelegate.swift */ = {isa = PBXFileReference; fileEncoding = 4; lastKnownFileType = sourcecode.swift; path = AppDelegate.swift; sourceTree = "<group>"; };
		9CBF3F6D1AB15D210000F1D1 /* Base */ = {isa = PBXFileReference; lastKnownFileType = file.xib; name = Base; path = Base.lproj/LaunchScreen.xib; sourceTree = "<group>"; };
		9CBF3F6F1AB15D210000F1D1 /* Base */ = {isa = PBXFileReference; lastKnownFileType = file.storyboard; name = Base; path = Base.lproj/Main.storyboard; sourceTree = "<group>"; };
		9CBF3F721AB15D210000F1D1 /* Images.xcassets */ = {isa = PBXFileReference; lastKnownFileType = folder.assetcatalog; path = Images.xcassets; sourceTree = "<group>"; };
		9CBF3F731AB15D210000F1D1 /* Info.plist */ = {isa = PBXFileReference; fileEncoding = 4; lastKnownFileType = text.plist.xml; path = Info.plist; sourceTree = "<group>"; };
		9CBF3F751AB15D210000F1D1 /* ViewController.swift */ = {isa = PBXFileReference; fileEncoding = 4; lastKnownFileType = sourcecode.swift; path = ViewController.swift; sourceTree = "<group>"; };
		9CBF3F771AB15D210000F1D1 /* zh-Hans */ = {isa = PBXFileReference; lastKnownFileType = text.plist.strings; name = "zh-Hans"; path = "zh-Hans.lproj/LaunchScreen.strings"; sourceTree = "<group>"; };
		9CBF3F791AB15D210000F1D1 /* zh-Hans */ = {isa = PBXFileReference; lastKnownFileType = text.plist.strings; name = "zh-Hans"; path = "zh-Hans.lproj/Main.strings"; sourceTree = "<group>"; };
		9CD130041C144ED800AB5E2B /* Photos.framework */ = {isa = PBXFileReference; lastKnownFileType = wrapper.framework; name = Photos.framework; path = System/Library/Frameworks/Photos.framework; sourceTree = SDKROOT; };
		B9EFB9931D2105A3006CDCAA /* UIKit.framework */ = {isa = PBXFileReference; lastKnownFileType = wrapper.framework; name = UIKit.framework; path = System/Library/Frameworks/UIKit.framework; sourceTree = SDKROOT; };
		F05883A89D65A48CA5E5F074 /* Pods-DKImagePickerControllerDemo.release.xcconfig */ = {isa = PBXFileReference; includeInIndex = 1; lastKnownFileType = text.xcconfig; name = "Pods-DKImagePickerControllerDemo.release.xcconfig"; path = "Pods/Target Support Files/Pods-DKImagePickerControllerDemo/Pods-DKImagePickerControllerDemo.release.xcconfig"; sourceTree = "<group>"; };
/* End PBXFileReference section */

/* Begin PBXFrameworksBuildPhase section */
		9C35CBFC19DBB00700557269 /* Frameworks */ = {
			isa = PBXFrameworksBuildPhase;
			buildActionMask = 2147483647;
			files = (
				9CD130051C144ED800AB5E2B /* Photos.framework in Frameworks */,
				43F162947F4B25880859FF1C /* Pods_DKImagePickerControllerDemo.framework in Frameworks */,
			);
			runOnlyForDeploymentPostprocessing = 0;
		};
/* End PBXFrameworksBuildPhase section */

/* Begin PBXGroup section */
		54A5A3B3FCDCE2C052D4024A /* Pods */ = {
			isa = PBXGroup;
			children = (
				417B17B0ED856C6C7639AE33 /* Pods-DKImagePickerControllerDemo.debug.xcconfig */,
				F05883A89D65A48CA5E5F074 /* Pods-DKImagePickerControllerDemo.release.xcconfig */,
			);
			name = Pods;
			sourceTree = "<group>";
		};
		9C35CBF619DBB00700557269 = {
			isa = PBXGroup;
			children = (
				9CBF3F6A1AB15D210000F1D1 /* DKImagePickerControllerDemo */,
				9C35CC0019DBB00700557269 /* Products */,
				DD9FBB21E257DD5FDCD12AEB /* Frameworks */,
				54A5A3B3FCDCE2C052D4024A /* Pods */,
			);
			sourceTree = "<group>";
		};
		9C35CC0019DBB00700557269 /* Products */ = {
			isa = PBXGroup;
			children = (
				9C35CBFF19DBB00700557269 /* DKImagePickerControllerDemo.app */,
			);
			name = Products;
			sourceTree = "<group>";
		};
		9CBF3F6A1AB15D210000F1D1 /* DKImagePickerControllerDemo */ = {
			isa = PBXGroup;
			children = (
				9CBF3F6B1AB15D210000F1D1 /* AppDelegate.swift */,
				9CBF3F751AB15D210000F1D1 /* ViewController.swift */,
				9CB4B2F71C9A9DB3004971FB /* CustomCamera.swift */,
				9CBF3F6C1AB15D210000F1D1 /* LaunchScreen.xib */,
				9CBF3F6E1AB15D210000F1D1 /* Main.storyboard */,
				9CBF3F721AB15D210000F1D1 /* Images.xcassets */,
				9CBF3F731AB15D210000F1D1 /* Info.plist */,
				9CBF3F761AB15D210000F1D1 /* LaunchScreen.strings */,
				9CBF3F781AB15D210000F1D1 /* Main.strings */,
			);
			path = DKImagePickerControllerDemo;
			sourceTree = "<group>";
		};
		DD9FBB21E257DD5FDCD12AEB /* Frameworks */ = {
			isa = PBXGroup;
			children = (
				B9EFB9931D2105A3006CDCAA /* UIKit.framework */,
				9CD130041C144ED800AB5E2B /* Photos.framework */,
				10373719261221CAB89E6D48 /* Pods_DKImagePickerControllerDemo.framework */,
			);
			name = Frameworks;
			sourceTree = "<group>";
		};
/* End PBXGroup section */

/* Begin PBXNativeTarget section */
		9C35CBFE19DBB00700557269 /* DKImagePickerControllerDemo */ = {
			isa = PBXNativeTarget;
			buildConfigurationList = 9C35CC1E19DBB00700557269 /* Build configuration list for PBXNativeTarget "DKImagePickerControllerDemo" */;
			buildPhases = (
				812E37D06FB1E56FE08F762B /* [CP] Check Pods Manifest.lock */,
				9C35CBFB19DBB00700557269 /* Sources */,
				9C35CBFC19DBB00700557269 /* Frameworks */,
				9C35CBFD19DBB00700557269 /* Resources */,
				B9EFB97F1D20FB7D006CDCAA /* Embed Frameworks */,
				5A34E95FC25E658B07103739 /* [CP] Embed Pods Frameworks */,
				1C6E1943D1968F6EAC46E3E1 /* [CP] Copy Pods Resources */,
			);
			buildRules = (
			);
			dependencies = (
			);
			name = DKImagePickerControllerDemo;
			productName = CustomImagePicker;
			productReference = 9C35CBFF19DBB00700557269 /* DKImagePickerControllerDemo.app */;
			productType = "com.apple.product-type.application";
		};
/* End PBXNativeTarget section */

/* Begin PBXProject section */
		9C35CBF719DBB00700557269 /* Project object */ = {
			isa = PBXProject;
			attributes = {
				LastSwiftMigration = 0700;
				LastSwiftUpdateCheck = 0730;
				LastUpgradeCheck = 0900;
				ORGANIZATIONNAME = ZhangAo;
				TargetAttributes = {
					9C35CBFE19DBB00700557269 = {
						CreatedOnToolsVersion = 6.0;
						DevelopmentTeam = EQE3C268Q6;
						LastSwiftMigration = 0800;
					};
				};
			};
			buildConfigurationList = 9C35CBFA19DBB00700557269 /* Build configuration list for PBXProject "DKImagePickerControllerDemo" */;
			compatibilityVersion = "Xcode 3.2";
			developmentRegion = English;
			hasScannedForEncodings = 0;
			knownRegions = (
				en,
				Base,
				"zh-Hans",
			);
			mainGroup = 9C35CBF619DBB00700557269;
			productRefGroup = 9C35CC0019DBB00700557269 /* Products */;
			projectDirPath = "";
			projectRoot = "";
			targets = (
				9C35CBFE19DBB00700557269 /* DKImagePickerControllerDemo */,
			);
		};
/* End PBXProject section */

/* Begin PBXResourcesBuildPhase section */
		9C35CBFD19DBB00700557269 /* Resources */ = {
			isa = PBXResourcesBuildPhase;
			buildActionMask = 2147483647;
			files = (
				9CBF3F861AB15E040000F1D1 /* LaunchScreen.xib in Resources */,
				9CBF3F871AB15E0D0000F1D1 /* LaunchScreen.strings in Resources */,
				9CBF3F7E1AB15D210000F1D1 /* Images.xcassets in Resources */,
				9CBF3F881AB15E100000F1D1 /* Main.strings in Resources */,
				9CBF3F851AB15DFF0000F1D1 /* Main.storyboard in Resources */,
			);
			runOnlyForDeploymentPostprocessing = 0;
		};
/* End PBXResourcesBuildPhase section */

/* Begin PBXShellScriptBuildPhase section */
		1C6E1943D1968F6EAC46E3E1 /* [CP] Copy Pods Resources */ = {
			isa = PBXShellScriptBuildPhase;
			buildActionMask = 2147483647;
			files = (
			);
			inputPaths = (
			);
			name = "[CP] Copy Pods Resources";
			outputPaths = (
			);
			runOnlyForDeploymentPostprocessing = 0;
			shellPath = /bin/sh;
			shellScript = "\"${SRCROOT}/Pods/Target Support Files/Pods-DKImagePickerControllerDemo/Pods-DKImagePickerControllerDemo-resources.sh\"\n";
			showEnvVarsInLog = 0;
		};
		5A34E95FC25E658B07103739 /* [CP] Embed Pods Frameworks */ = {
			isa = PBXShellScriptBuildPhase;
			buildActionMask = 2147483647;
			files = (
			);
			inputPaths = (
			);
			name = "[CP] Embed Pods Frameworks";
			outputPaths = (
			);
			runOnlyForDeploymentPostprocessing = 0;
			shellPath = /bin/sh;
			shellScript = "\"${SRCROOT}/Pods/Target Support Files/Pods-DKImagePickerControllerDemo/Pods-DKImagePickerControllerDemo-frameworks.sh\"\n";
			showEnvVarsInLog = 0;
		};
		812E37D06FB1E56FE08F762B /* [CP] Check Pods Manifest.lock */ = {
			isa = PBXShellScriptBuildPhase;
			buildActionMask = 2147483647;
			files = (
			);
			inputPaths = (
			);
			name = "[CP] Check Pods Manifest.lock";
			outputPaths = (
			);
			runOnlyForDeploymentPostprocessing = 0;
			shellPath = /bin/sh;
			shellScript = "diff \"${PODS_ROOT}/../Podfile.lock\" \"${PODS_ROOT}/Manifest.lock\" > /dev/null\nif [ $? != 0 ] ; then\n    # print error to STDERR\n    echo \"error: The sandbox is not in sync with the Podfile.lock. Run 'pod install' or update your CocoaPods installation.\" >&2\n    exit 1\nfi\n";
			showEnvVarsInLog = 0;
		};
/* End PBXShellScriptBuildPhase section */

/* Begin PBXSourcesBuildPhase section */
		9C35CBFB19DBB00700557269 /* Sources */ = {
			isa = PBXSourcesBuildPhase;
			buildActionMask = 2147483647;
			files = (
				9CB4B2F81C9A9DB3004971FB /* CustomCamera.swift in Sources */,
				9CBF3F7A1AB15D210000F1D1 /* AppDelegate.swift in Sources */,
				9CBF3F811AB15D210000F1D1 /* ViewController.swift in Sources */,
			);
			runOnlyForDeploymentPostprocessing = 0;
		};
/* End PBXSourcesBuildPhase section */

/* Begin PBXVariantGroup section */
		9CBF3F6C1AB15D210000F1D1 /* LaunchScreen.xib */ = {
			isa = PBXVariantGroup;
			children = (
				9CBF3F6D1AB15D210000F1D1 /* Base */,
			);
			name = LaunchScreen.xib;
			sourceTree = "<group>";
		};
		9CBF3F6E1AB15D210000F1D1 /* Main.storyboard */ = {
			isa = PBXVariantGroup;
			children = (
				9CBF3F6F1AB15D210000F1D1 /* Base */,
			);
			name = Main.storyboard;
			sourceTree = "<group>";
		};
		9CBF3F761AB15D210000F1D1 /* LaunchScreen.strings */ = {
			isa = PBXVariantGroup;
			children = (
				9CBF3F771AB15D210000F1D1 /* zh-Hans */,
			);
			name = LaunchScreen.strings;
			sourceTree = "<group>";
		};
		9CBF3F781AB15D210000F1D1 /* Main.strings */ = {
			isa = PBXVariantGroup;
			children = (
				9CBF3F791AB15D210000F1D1 /* zh-Hans */,
			);
			name = Main.strings;
			sourceTree = "<group>";
		};
/* End PBXVariantGroup section */

/* Begin XCBuildConfiguration section */
		9C35CC1C19DBB00700557269 /* Debug */ = {
			isa = XCBuildConfiguration;
			buildSettings = {
				ALWAYS_SEARCH_USER_PATHS = NO;
				CLANG_ANALYZER_LOCALIZABILITY_NONLOCALIZED = YES;
				CLANG_CXX_LANGUAGE_STANDARD = "gnu++0x";
				CLANG_CXX_LIBRARY = "libc++";
				CLANG_ENABLE_MODULES = YES;
				CLANG_ENABLE_OBJC_ARC = YES;
				CLANG_WARN_BLOCK_CAPTURE_AUTORELEASING = YES;
				CLANG_WARN_BOOL_CONVERSION = YES;
				CLANG_WARN_COMMA = YES;
				CLANG_WARN_CONSTANT_CONVERSION = YES;
				CLANG_WARN_DIRECT_OBJC_ISA_USAGE = YES_ERROR;
				CLANG_WARN_EMPTY_BODY = YES;
				CLANG_WARN_ENUM_CONVERSION = YES;
				CLANG_WARN_INFINITE_RECURSION = YES;
				CLANG_WARN_INT_CONVERSION = YES;
				CLANG_WARN_NON_LITERAL_NULL_CONVERSION = YES;
				CLANG_WARN_OBJC_LITERAL_CONVERSION = YES;
				CLANG_WARN_OBJC_ROOT_CLASS = YES_ERROR;
				CLANG_WARN_RANGE_LOOP_ANALYSIS = YES;
				CLANG_WARN_STRICT_PROTOTYPES = YES;
				CLANG_WARN_SUSPICIOUS_MOVE = YES;
				CLANG_WARN_UNREACHABLE_CODE = YES;
				CLANG_WARN__DUPLICATE_METHOD_MATCH = YES;
				"CODE_SIGN_IDENTITY[sdk=iphoneos*]" = "iPhone Developer";
				COPY_PHASE_STRIP = NO;
				ENABLE_STRICT_OBJC_MSGSEND = YES;
				ENABLE_TESTABILITY = YES;
				GCC_C_LANGUAGE_STANDARD = gnu99;
				GCC_DYNAMIC_NO_PIC = NO;
				GCC_NO_COMMON_BLOCKS = YES;
				GCC_OPTIMIZATION_LEVEL = 0;
				GCC_PREPROCESSOR_DEFINITIONS = (
					"DEBUG=1",
					"$(inherited)",
				);
				GCC_SYMBOLS_PRIVATE_EXTERN = NO;
				GCC_WARN_64_TO_32_BIT_CONVERSION = YES;
				GCC_WARN_ABOUT_RETURN_TYPE = YES_ERROR;
				GCC_WARN_UNDECLARED_SELECTOR = YES;
				GCC_WARN_UNINITIALIZED_AUTOS = YES_AGGRESSIVE;
				GCC_WARN_UNUSED_FUNCTION = YES;
				GCC_WARN_UNUSED_VARIABLE = YES;
				IPHONEOS_DEPLOYMENT_TARGET = 8.0;
				MTL_ENABLE_DEBUG_INFO = YES;
				ONLY_ACTIVE_ARCH = YES;
				SDKROOT = iphoneos;
				SWIFT_OPTIMIZATION_LEVEL = "-Onone";
				SWIFT_VERSION = 3.0;
			};
			name = Debug;
		};
		9C35CC1D19DBB00700557269 /* Release */ = {
			isa = XCBuildConfiguration;
			buildSettings = {
				ALWAYS_SEARCH_USER_PATHS = NO;
				CLANG_ANALYZER_LOCALIZABILITY_NONLOCALIZED = YES;
				CLANG_CXX_LANGUAGE_STANDARD = "gnu++0x";
				CLANG_CXX_LIBRARY = "libc++";
				CLANG_ENABLE_MODULES = YES;
				CLANG_ENABLE_OBJC_ARC = YES;
				CLANG_WARN_BLOCK_CAPTURE_AUTORELEASING = YES;
				CLANG_WARN_BOOL_CONVERSION = YES;
				CLANG_WARN_COMMA = YES;
				CLANG_WARN_CONSTANT_CONVERSION = YES;
				CLANG_WARN_DIRECT_OBJC_ISA_USAGE = YES_ERROR;
				CLANG_WARN_EMPTY_BODY = YES;
				CLANG_WARN_ENUM_CONVERSION = YES;
				CLANG_WARN_INFINITE_RECURSION = YES;
				CLANG_WARN_INT_CONVERSION = YES;
				CLANG_WARN_NON_LITERAL_NULL_CONVERSION = YES;
				CLANG_WARN_OBJC_LITERAL_CONVERSION = YES;
				CLANG_WARN_OBJC_ROOT_CLASS = YES_ERROR;
				CLANG_WARN_RANGE_LOOP_ANALYSIS = YES;
				CLANG_WARN_STRICT_PROTOTYPES = YES;
				CLANG_WARN_SUSPICIOUS_MOVE = YES;
				CLANG_WARN_UNREACHABLE_CODE = YES;
				CLANG_WARN__DUPLICATE_METHOD_MATCH = YES;
				"CODE_SIGN_IDENTITY[sdk=iphoneos*]" = "iPhone Developer";
				COPY_PHASE_STRIP = YES;
				ENABLE_NS_ASSERTIONS = NO;
				ENABLE_STRICT_OBJC_MSGSEND = YES;
				GCC_C_LANGUAGE_STANDARD = gnu99;
				GCC_NO_COMMON_BLOCKS = YES;
				GCC_WARN_64_TO_32_BIT_CONVERSION = YES;
				GCC_WARN_ABOUT_RETURN_TYPE = YES_ERROR;
				GCC_WARN_UNDECLARED_SELECTOR = YES;
				GCC_WARN_UNINITIALIZED_AUTOS = YES_AGGRESSIVE;
				GCC_WARN_UNUSED_FUNCTION = YES;
				GCC_WARN_UNUSED_VARIABLE = YES;
				IPHONEOS_DEPLOYMENT_TARGET = 8.0;
				MTL_ENABLE_DEBUG_INFO = NO;
				SDKROOT = iphoneos;
				SWIFT_OPTIMIZATION_LEVEL = "-Owholemodule";
				SWIFT_VERSION = 3.0;
				VALIDATE_PRODUCT = YES;
			};
			name = Release;
		};
		9C35CC1F19DBB00700557269 /* Debug */ = {
			isa = XCBuildConfiguration;
			baseConfigurationReference = 417B17B0ED856C6C7639AE33 /* Pods-DKImagePickerControllerDemo.debug.xcconfig */;
			buildSettings = {
				ALWAYS_EMBED_SWIFT_STANDARD_LIBRARIES = YES;
				ASSETCATALOG_COMPILER_APPICON_NAME = AppIcon;
				ASSETCATALOG_COMPILER_LAUNCHIMAGE_NAME = LaunchImage;
				CODE_SIGN_IDENTITY = "iPhone Developer";
				"CODE_SIGN_IDENTITY[sdk=iphoneos*]" = "iPhone Developer";
				DEVELOPMENT_TEAM = EQE3C268Q6;
				INFOPLIST_FILE = DKImagePickerControllerDemo/Info.plist;
				IPHONEOS_DEPLOYMENT_TARGET = 8.0;
				LD_RUNPATH_SEARCH_PATHS = "$(inherited) @executable_path/Frameworks";
				PRODUCT_BUNDLE_IDENTIFIER = com.DKImagePickerControllerDemo;
				PRODUCT_NAME = "$(TARGET_NAME)";
				PROVISIONING_PROFILE = "";
				SWIFT_VERSION = 3.0;
				TARGETED_DEVICE_FAMILY = "1,2";
			};
			name = Debug;
		};
		9C35CC2019DBB00700557269 /* Release */ = {
			isa = XCBuildConfiguration;
			baseConfigurationReference = F05883A89D65A48CA5E5F074 /* Pods-DKImagePickerControllerDemo.release.xcconfig */;
			buildSettings = {
				ALWAYS_EMBED_SWIFT_STANDARD_LIBRARIES = YES;
				ASSETCATALOG_COMPILER_APPICON_NAME = AppIcon;
				ASSETCATALOG_COMPILER_LAUNCHIMAGE_NAME = LaunchImage;
				CODE_SIGN_IDENTITY = "iPhone Developer";
				"CODE_SIGN_IDENTITY[sdk=iphoneos*]" = "iPhone Developer";
				DEVELOPMENT_TEAM = EQE3C268Q6;
				INFOPLIST_FILE = DKImagePickerControllerDemo/Info.plist;
				IPHONEOS_DEPLOYMENT_TARGET = 8.0;
				LD_RUNPATH_SEARCH_PATHS = "$(inherited) @executable_path/Frameworks";
				PRODUCT_BUNDLE_IDENTIFIER = com.DKImagePickerControllerDemo;
				PRODUCT_NAME = "$(TARGET_NAME)";
				PROVISIONING_PROFILE = "";
				SWIFT_VERSION = 3.0;
				TARGETED_DEVICE_FAMILY = "1,2";
			};
			name = Release;
		};
/* End XCBuildConfiguration section */

/* Begin XCConfigurationList section */
		9C35CBFA19DBB00700557269 /* Build configuration list for PBXProject "DKImagePickerControllerDemo" */ = {
			isa = XCConfigurationList;
			buildConfigurations = (
				9C35CC1C19DBB00700557269 /* Debug */,
				9C35CC1D19DBB00700557269 /* Release */,
			);
			defaultConfigurationIsVisible = 0;
			defaultConfigurationName = Release;
		};
		9C35CC1E19DBB00700557269 /* Build configuration list for PBXNativeTarget "DKImagePickerControllerDemo" */ = {
			isa = XCConfigurationList;
			buildConfigurations = (
				9C35CC1F19DBB00700557269 /* Debug */,
				9C35CC2019DBB00700557269 /* Release */,
			);
			defaultConfigurationIsVisible = 0;
			defaultConfigurationName = Release;
		};
/* End XCConfigurationList section */
	};
	rootObject = 9C35CBF719DBB00700557269 /* Project object */;
}
